// !$*UTF8*$!
{
	archiveVersion = 1;
	classes = {
	};
	objectVersion = 56;
	objects = {

/* Begin PBXBuildFile section */
		78142CB62BED1AA500699105 /* MyBooksApp.swift in Sources */ = {isa = PBXBuildFile; fileRef = 78142CB52BED1AA500699105 /* MyBooksApp.swift */; };
		78142CB82BED1AA500699105 /* BookListView.swift in Sources */ = {isa = PBXBuildFile; fileRef = 78142CB72BED1AA500699105 /* BookListView.swift */; };
		78142CBA2BED1AA700699105 /* Assets.xcassets in Resources */ = {isa = PBXBuildFile; fileRef = 78142CB92BED1AA700699105 /* Assets.xcassets */; };
		78142CBD2BED1AA700699105 /* Preview Assets.xcassets in Resources */ = {isa = PBXBuildFile; fileRef = 78142CBC2BED1AA700699105 /* Preview Assets.xcassets */; };
		78142CC42BED1AFB00699105 /* Book.swift in Sources */ = {isa = PBXBuildFile; fileRef = 78142CC32BED1AFB00699105 /* Book.swift */; };
		78142CC62BED1D4100699105 /* NewBookView.swift in Sources */ = {isa = PBXBuildFile; fileRef = 78142CC52BED1D4100699105 /* NewBookView.swift */; };
		78142CC82BED281600699105 /* EditBookView.swift in Sources */ = {isa = PBXBuildFile; fileRef = 78142CC72BED281600699105 /* EditBookView.swift */; };
		78A21F152BEE1249000D2B2E /* RatingsView.swift in Sources */ = {isa = PBXBuildFile; fileRef = 78A21F142BEE1249000D2B2E /* RatingsView.swift */; };
		78A21F172BEE2143000D2B2E /* BookSamples.swift in Sources */ = {isa = PBXBuildFile; fileRef = 78A21F162BEE2143000D2B2E /* BookSamples.swift */; };
		78A21F192BEE2239000D2B2E /* PreviewContainer.swift in Sources */ = {isa = PBXBuildFile; fileRef = 78A21F182BEE2239000D2B2E /* PreviewContainer.swift */; };
		78A21F1B2BEE2C51000D2B2E /* BookList.swift in Sources */ = {isa = PBXBuildFile; fileRef = 78A21F1A2BEE2C51000D2B2E /* BookList.swift */; };
		78A21F1D2BEE6140000D2B2E /* Quote.swift in Sources */ = {isa = PBXBuildFile; fileRef = 78A21F1C2BEE6140000D2B2E /* Quote.swift */; };
		78A21F1F2BEE6246000D2B2E /* QuoteListView.swift in Sources */ = {isa = PBXBuildFile; fileRef = 78A21F1E2BEE6246000D2B2E /* QuoteListView.swift */; };
/* End PBXBuildFile section */

/* Begin PBXFileReference section */
		78142CB22BED1AA500699105 /* MyBooks.app */ = {isa = PBXFileReference; explicitFileType = wrapper.application; includeInIndex = 0; path = MyBooks.app; sourceTree = BUILT_PRODUCTS_DIR; };
		78142CB52BED1AA500699105 /* MyBooksApp.swift */ = {isa = PBXFileReference; lastKnownFileType = sourcecode.swift; path = MyBooksApp.swift; sourceTree = "<group>"; };
		78142CB72BED1AA500699105 /* BookListView.swift */ = {isa = PBXFileReference; lastKnownFileType = sourcecode.swift; path = BookListView.swift; sourceTree = "<group>"; };
		78142CB92BED1AA700699105 /* Assets.xcassets */ = {isa = PBXFileReference; lastKnownFileType = folder.assetcatalog; path = Assets.xcassets; sourceTree = "<group>"; };
		78142CBC2BED1AA700699105 /* Preview Assets.xcassets */ = {isa = PBXFileReference; lastKnownFileType = folder.assetcatalog; path = "Preview Assets.xcassets"; sourceTree = "<group>"; };
		78142CC32BED1AFB00699105 /* Book.swift */ = {isa = PBXFileReference; lastKnownFileType = sourcecode.swift; path = Book.swift; sourceTree = "<group>"; };
		78142CC52BED1D4100699105 /* NewBookView.swift */ = {isa = PBXFileReference; lastKnownFileType = sourcecode.swift; path = NewBookView.swift; sourceTree = "<group>"; };
		78142CC72BED281600699105 /* EditBookView.swift */ = {isa = PBXFileReference; lastKnownFileType = sourcecode.swift; path = EditBookView.swift; sourceTree = "<group>"; };
		78A21F142BEE1249000D2B2E /* RatingsView.swift */ = {isa = PBXFileReference; lastKnownFileType = sourcecode.swift; path = RatingsView.swift; sourceTree = "<group>"; };
		78A21F162BEE2143000D2B2E /* BookSamples.swift */ = {isa = PBXFileReference; lastKnownFileType = sourcecode.swift; path = BookSamples.swift; sourceTree = "<group>"; };
		78A21F182BEE2239000D2B2E /* PreviewContainer.swift */ = {isa = PBXFileReference; lastKnownFileType = sourcecode.swift; path = PreviewContainer.swift; sourceTree = "<group>"; };
		78A21F1A2BEE2C51000D2B2E /* BookList.swift */ = {isa = PBXFileReference; lastKnownFileType = sourcecode.swift; path = BookList.swift; sourceTree = "<group>"; };
		78A21F1C2BEE6140000D2B2E /* Quote.swift */ = {isa = PBXFileReference; lastKnownFileType = sourcecode.swift; path = Quote.swift; sourceTree = "<group>"; };
		78A21F1E2BEE6246000D2B2E /* QuoteListView.swift */ = {isa = PBXFileReference; lastKnownFileType = sourcecode.swift; path = QuoteListView.swift; sourceTree = "<group>"; };
/* End PBXFileReference section */

/* Begin PBXFrameworksBuildPhase section */
		78142CAF2BED1AA500699105 /* Frameworks */ = {
			isa = PBXFrameworksBuildPhase;
			buildActionMask = 2147483647;
			files = (
			);
			runOnlyForDeploymentPostprocessing = 0;
		};
/* End PBXFrameworksBuildPhase section */

/* Begin PBXGroup section */
		78142CA92BED1AA500699105 = {
			isa = PBXGroup;
			children = (
				78142CB42BED1AA500699105 /* MyBooks */,
				78142CB32BED1AA500699105 /* Products */,
			);
			sourceTree = "<group>";
		};
		78142CB32BED1AA500699105 /* Products */ = {
			isa = PBXGroup;
			children = (
				78142CB22BED1AA500699105 /* MyBooks.app */,
			);
			name = Products;
			sourceTree = "<group>";
		};
		78142CB42BED1AA500699105 /* MyBooks */ = {
			isa = PBXGroup;
			children = (
				78142CB52BED1AA500699105 /* MyBooksApp.swift */,
				78A21F1E2BEE6246000D2B2E /* QuoteListView.swift */,
				78142CB72BED1AA500699105 /* BookListView.swift */,
				78A21F1A2BEE2C51000D2B2E /* BookList.swift */,
				78142CC72BED281600699105 /* EditBookView.swift */,
				78A21F142BEE1249000D2B2E /* RatingsView.swift */,
				78142CC52BED1D4100699105 /* NewBookView.swift */,
				78142CC32BED1AFB00699105 /* Book.swift */,
				78A21F1C2BEE6140000D2B2E /* Quote.swift */,
				78142CB92BED1AA700699105 /* Assets.xcassets */,
				78142CBB2BED1AA700699105 /* Preview Content */,
			);
			path = MyBooks;
			sourceTree = "<group>";
		};
		78142CBB2BED1AA700699105 /* Preview Content */ = {
			isa = PBXGroup;
			children = (
				78142CBC2BED1AA700699105 /* Preview Assets.xcassets */,
				78A21F162BEE2143000D2B2E /* BookSamples.swift */,
				78A21F182BEE2239000D2B2E /* PreviewContainer.swift */,
			);
			path = "Preview Content";
			sourceTree = "<group>";
		};
/* End PBXGroup section */

/* Begin PBXNativeTarget section */
		78142CB12BED1AA500699105 /* MyBooks */ = {
			isa = PBXNativeTarget;
			buildConfigurationList = 78142CC02BED1AA700699105 /* Build configuration list for PBXNativeTarget "MyBooks" */;
			buildPhases = (
				78142CAE2BED1AA500699105 /* Sources */,
				78142CAF2BED1AA500699105 /* Frameworks */,
				78142CB02BED1AA500699105 /* Resources */,
			);
			buildRules = (
			);
			dependencies = (
			);
			name = MyBooks;
			productName = MyBooks;
			productReference = 78142CB22BED1AA500699105 /* MyBooks.app */;
			productType = "com.apple.product-type.application";
		};
/* End PBXNativeTarget section */

/* Begin PBXProject section */
		78142CAA2BED1AA500699105 /* Project object */ = {
			isa = PBXProject;
			attributes = {
				BuildIndependentTargetsInParallel = 1;
				LastSwiftUpdateCheck = 1530;
				LastUpgradeCheck = 1530;
				TargetAttributes = {
					78142CB12BED1AA500699105 = {
						CreatedOnToolsVersion = 15.3;
					};
				};
			};
			buildConfigurationList = 78142CAD2BED1AA500699105 /* Build configuration list for PBXProject "MyBooks" */;
			compatibilityVersion = "Xcode 14.0";
			developmentRegion = en;
			hasScannedForEncodings = 0;
			knownRegions = (
				en,
				Base,
			);
			mainGroup = 78142CA92BED1AA500699105;
			productRefGroup = 78142CB32BED1AA500699105 /* Products */;
			projectDirPath = "";
			projectRoot = "";
			targets = (
				78142CB12BED1AA500699105 /* MyBooks */,
			);
		};
/* End PBXProject section */

/* Begin PBXResourcesBuildPhase section */
		78142CB02BED1AA500699105 /* Resources */ = {
			isa = PBXResourcesBuildPhase;
			buildActionMask = 2147483647;
			files = (
				78142CBD2BED1AA700699105 /* Preview Assets.xcassets in Resources */,
				78142CBA2BED1AA700699105 /* Assets.xcassets in Resources */,
			);
			runOnlyForDeploymentPostprocessing = 0;
		};
/* End PBXResourcesBuildPhase section */

/* Begin PBXSourcesBuildPhase section */
		78142CAE2BED1AA500699105 /* Sources */ = {
			isa = PBXSourcesBuildPhase;
			buildActionMask = 2147483647;
			files = (
				78A21F172BEE2143000D2B2E /* BookSamples.swift in Sources */,
				78142CC62BED1D4100699105 /* NewBookView.swift in Sources */,
				78A21F152BEE1249000D2B2E /* RatingsView.swift in Sources */,
				78A21F1B2BEE2C51000D2B2E /* BookList.swift in Sources */,
				78142CC82BED281600699105 /* EditBookView.swift in Sources */,
				78142CB82BED1AA500699105 /* BookListView.swift in Sources */,
				78142CB62BED1AA500699105 /* MyBooksApp.swift in Sources */,
				78A21F192BEE2239000D2B2E /* PreviewContainer.swift in Sources */,
				78A21F1F2BEE6246000D2B2E /* QuoteListView.swift in Sources */,
				78A21F1D2BEE6140000D2B2E /* Quote.swift in Sources */,
				78142CC42BED1AFB00699105 /* Book.swift in Sources */,
			);
			runOnlyForDeploymentPostprocessing = 0;
		};
/* End PBXSourcesBuildPhase section */

/* Begin XCBuildConfiguration section */
		78142CBE2BED1AA700699105 /* Debug */ = {
			isa = XCBuildConfiguration;
			buildSettings = {
				ALWAYS_SEARCH_USER_PATHS = NO;
				ASSETCATALOG_COMPILER_GENERATE_SWIFT_ASSET_SYMBOL_EXTENSIONS = YES;
				CLANG_ANALYZER_NONNULL = YES;
				CLANG_ANALYZER_NUMBER_OBJECT_CONVERSION = YES_AGGRESSIVE;
				CLANG_CXX_LANGUAGE_STANDARD = "gnu++20";
				CLANG_ENABLE_MODULES = YES;
				CLANG_ENABLE_OBJC_ARC = YES;
				CLANG_ENABLE_OBJC_WEAK = YES;
				CLANG_WARN_BLOCK_CAPTURE_AUTORELEASING = YES;
				CLANG_WARN_BOOL_CONVERSION = YES;
				CLANG_WARN_COMMA = YES;
				CLANG_WARN_CONSTANT_CONVERSION = YES;
				CLANG_WARN_DEPRECATED_OBJC_IMPLEMENTATIONS = YES;
				CLANG_WARN_DIRECT_OBJC_ISA_USAGE = YES_ERROR;
				CLANG_WARN_DOCUMENTATION_COMMENTS = YES;
				CLANG_WARN_EMPTY_BODY = YES;
				CLANG_WARN_ENUM_CONVERSION = YES;
				CLANG_WARN_INFINITE_RECURSION = YES;
				CLANG_WARN_INT_CONVERSION = YES;
				CLANG_WARN_NON_LITERAL_NULL_CONVERSION = YES;
				CLANG_WARN_OBJC_IMPLICIT_RETAIN_SELF = YES;
				CLANG_WARN_OBJC_LITERAL_CONVERSION = YES;
				CLANG_WARN_OBJC_ROOT_CLASS = YES_ERROR;
				CLANG_WARN_QUOTED_INCLUDE_IN_FRAMEWORK_HEADER = YES;
				CLANG_WARN_RANGE_LOOP_ANALYSIS = YES;
				CLANG_WARN_STRICT_PROTOTYPES = YES;
				CLANG_WARN_SUSPICIOUS_MOVE = YES;
				CLANG_WARN_UNGUARDED_AVAILABILITY = YES_AGGRESSIVE;
				CLANG_WARN_UNREACHABLE_CODE = YES;
				CLANG_WARN__DUPLICATE_METHOD_MATCH = YES;
				COPY_PHASE_STRIP = NO;
				DEBUG_INFORMATION_FORMAT = dwarf;
				ENABLE_STRICT_OBJC_MSGSEND = YES;
				ENABLE_TESTABILITY = YES;
				ENABLE_USER_SCRIPT_SANDBOXING = YES;
				GCC_C_LANGUAGE_STANDARD = gnu17;
				GCC_DYNAMIC_NO_PIC = NO;
				GCC_NO_COMMON_BLOCKS = YES;
				GCC_OPTIMIZATION_LEVEL = 0;
				GCC_PREPROCESSOR_DEFINITIONS = (
					"DEBUG=1",
					"$(inherited)",
				);
				GCC_WARN_64_TO_32_BIT_CONVERSION = YES;
				GCC_WARN_ABOUT_RETURN_TYPE = YES_ERROR;
				GCC_WARN_UNDECLARED_SELECTOR = YES;
				GCC_WARN_UNINITIALIZED_AUTOS = YES_AGGRESSIVE;
				GCC_WARN_UNUSED_FUNCTION = YES;
				GCC_WARN_UNUSED_VARIABLE = YES;
				IPHONEOS_DEPLOYMENT_TARGET = 17.4;
				LOCALIZATION_PREFERS_STRING_CATALOGS = YES;
				MTL_ENABLE_DEBUG_INFO = INCLUDE_SOURCE;
				MTL_FAST_MATH = YES;
				ONLY_ACTIVE_ARCH = YES;
				SDKROOT = iphoneos;
				SWIFT_ACTIVE_COMPILATION_CONDITIONS = "DEBUG $(inherited)";
				SWIFT_OPTIMIZATION_LEVEL = "-Onone";
			};
			name = Debug;
		};
		78142CBF2BED1AA700699105 /* Release */ = {
			isa = XCBuildConfiguration;
			buildSettings = {
				ALWAYS_SEARCH_USER_PATHS = NO;
				ASSETCATALOG_COMPILER_GENERATE_SWIFT_ASSET_SYMBOL_EXTENSIONS = YES;
				CLANG_ANALYZER_NONNULL = YES;
				CLANG_ANALYZER_NUMBER_OBJECT_CONVERSION = YES_AGGRESSIVE;
				CLANG_CXX_LANGUAGE_STANDARD = "gnu++20";
				CLANG_ENABLE_MODULES = YES;
				CLANG_ENABLE_OBJC_ARC = YES;
				CLANG_ENABLE_OBJC_WEAK = YES;
				CLANG_WARN_BLOCK_CAPTURE_AUTORELEASING = YES;
				CLANG_WARN_BOOL_CONVERSION = YES;
				CLANG_WARN_COMMA = YES;
				CLANG_WARN_CONSTANT_CONVERSION = YES;
				CLANG_WARN_DEPRECATED_OBJC_IMPLEMENTATIONS = YES;
				CLANG_WARN_DIRECT_OBJC_ISA_USAGE = YES_ERROR;
				CLANG_WARN_DOCUMENTATION_COMMENTS = YES;
				CLANG_WARN_EMPTY_BODY = YES;
				CLANG_WARN_ENUM_CONVERSION = YES;
				CLANG_WARN_INFINITE_RECURSION = YES;
				CLANG_WARN_INT_CONVERSION = YES;
				CLANG_WARN_NON_LITERAL_NULL_CONVERSION = YES;
				CLANG_WARN_OBJC_IMPLICIT_RETAIN_SELF = YES;
				CLANG_WARN_OBJC_LITERAL_CONVERSION = YES;
				CLANG_WARN_OBJC_ROOT_CLASS = YES_ERROR;
				CLANG_WARN_QUOTED_INCLUDE_IN_FRAMEWORK_HEADER = YES;
				CLANG_WARN_RANGE_LOOP_ANALYSIS = YES;
				CLANG_WARN_STRICT_PROTOTYPES = YES;
				CLANG_WARN_SUSPICIOUS_MOVE = YES;
				CLANG_WARN_UNGUARDED_AVAILABILITY = YES_AGGRESSIVE;
				CLANG_WARN_UNREACHABLE_CODE = YES;
				CLANG_WARN__DUPLICATE_METHOD_MATCH = YES;
				COPY_PHASE_STRIP = NO;
				DEBUG_INFORMATION_FORMAT = "dwarf-with-dsym";
				ENABLE_NS_ASSERTIONS = NO;
				ENABLE_STRICT_OBJC_MSGSEND = YES;
				ENABLE_USER_SCRIPT_SANDBOXING = YES;
				GCC_C_LANGUAGE_STANDARD = gnu17;
				GCC_NO_COMMON_BLOCKS = YES;
				GCC_WARN_64_TO_32_BIT_CONVERSION = YES;
				GCC_WARN_ABOUT_RETURN_TYPE = YES_ERROR;
				GCC_WARN_UNDECLARED_SELECTOR = YES;
				GCC_WARN_UNINITIALIZED_AUTOS = YES_AGGRESSIVE;
				GCC_WARN_UNUSED_FUNCTION = YES;
				GCC_WARN_UNUSED_VARIABLE = YES;
				IPHONEOS_DEPLOYMENT_TARGET = 17.4;
				LOCALIZATION_PREFERS_STRING_CATALOGS = YES;
				MTL_ENABLE_DEBUG_INFO = NO;
				MTL_FAST_MATH = YES;
				SDKROOT = iphoneos;
				SWIFT_COMPILATION_MODE = wholemodule;
				VALIDATE_PRODUCT = YES;
			};
			name = Release;
		};
		78142CC12BED1AA700699105 /* Debug */ = {
			isa = XCBuildConfiguration;
			buildSettings = {
				ASSETCATALOG_COMPILER_APPICON_NAME = AppIcon;
				ASSETCATALOG_COMPILER_GLOBAL_ACCENT_COLOR_NAME = AccentColor;
				CODE_SIGN_STYLE = Automatic;
				CURRENT_PROJECT_VERSION = 1;
				DEVELOPMENT_ASSET_PATHS = "\"MyBooks/Preview Content\"";
				DEVELOPMENT_TEAM = 3X5C5YGPN7;
				ENABLE_PREVIEWS = YES;
				GENERATE_INFOPLIST_FILE = YES;
				INFOPLIST_KEY_UIApplicationSceneManifest_Generation = YES;
				INFOPLIST_KEY_UIApplicationSupportsIndirectInputEvents = YES;
				INFOPLIST_KEY_UILaunchScreen_Generation = YES;
				INFOPLIST_KEY_UISupportedInterfaceOrientations_iPad = "UIInterfaceOrientationPortrait UIInterfaceOrientationPortraitUpsideDown UIInterfaceOrientationLandscapeLeft UIInterfaceOrientationLandscapeRight";
				INFOPLIST_KEY_UISupportedInterfaceOrientations_iPhone = "UIInterfaceOrientationPortrait UIInterfaceOrientationLandscapeLeft UIInterfaceOrientationLandscapeRight";
				LD_RUNPATH_SEARCH_PATHS = (
					"$(inherited)",
					"@executable_path/Frameworks",
				);
				MARKETING_VERSION = 1.0;
				PRODUCT_BUNDLE_IDENTIFIER = com.bhd.mybooks.MyBooks;
				PRODUCT_NAME = "$(TARGET_NAME)";
				SWIFT_EMIT_LOC_STRINGS = YES;
				SWIFT_VERSION = 5.0;
				TARGETED_DEVICE_FAMILY = "1,2";
			};
			name = Debug;
		};
		78142CC22BED1AA700699105 /* Release */ = {
			isa = XCBuildConfiguration;
			buildSettings = {
				ASSETCATALOG_COMPILER_APPICON_NAME = AppIcon;
				ASSETCATALOG_COMPILER_GLOBAL_ACCENT_COLOR_NAME = AccentColor;
				CODE_SIGN_STYLE = Automatic;
				CURRENT_PROJECT_VERSION = 1;
				DEVELOPMENT_ASSET_PATHS = "\"MyBooks/Preview Content\"";
				DEVELOPMENT_TEAM = 3X5C5YGPN7;
				ENABLE_PREVIEWS = YES;
				GENERATE_INFOPLIST_FILE = YES;
				INFOPLIST_KEY_UIApplicationSceneManifest_Generation = YES;
				INFOPLIST_KEY_UIApplicationSupportsIndirectInputEvents = YES;
				INFOPLIST_KEY_UILaunchScreen_Generation = YES;
				INFOPLIST_KEY_UISupportedInterfaceOrientations_iPad = "UIInterfaceOrientationPortrait UIInterfaceOrientationPortraitUpsideDown UIInterfaceOrientationLandscapeLeft UIInterfaceOrientationLandscapeRight";
				INFOPLIST_KEY_UISupportedInterfaceOrientations_iPhone = "UIInterfaceOrientationPortrait UIInterfaceOrientationLandscapeLeft UIInterfaceOrientationLandscapeRight";
				LD_RUNPATH_SEARCH_PATHS = (
					"$(inherited)",
					"@executable_path/Frameworks",
				);
				MARKETING_VERSION = 1.0;
				PRODUCT_BUNDLE_IDENTIFIER = com.bhd.mybooks.MyBooks;
				PRODUCT_NAME = "$(TARGET_NAME)";
				SWIFT_EMIT_LOC_STRINGS = YES;
				SWIFT_VERSION = 5.0;
				TARGETED_DEVICE_FAMILY = "1,2";
			};
			name = Release;
		};
/* End XCBuildConfiguration section */

/* Begin XCConfigurationList section */
		78142CAD2BED1AA500699105 /* Build configuration list for PBXProject "MyBooks" */ = {
			isa = XCConfigurationList;
			buildConfigurations = (
				78142CBE2BED1AA700699105 /* Debug */,
				78142CBF2BED1AA700699105 /* Release */,
			);
			defaultConfigurationIsVisible = 0;
			defaultConfigurationName = Release;
		};
		78142CC02BED1AA700699105 /* Build configuration list for PBXNativeTarget "MyBooks" */ = {
			isa = XCConfigurationList;
			buildConfigurations = (
				78142CC12BED1AA700699105 /* Debug */,
				78142CC22BED1AA700699105 /* Release */,
			);
			defaultConfigurationIsVisible = 0;
			defaultConfigurationName = Release;
		};
/* End XCConfigurationList section */
	};
	rootObject = 78142CAA2BED1AA500699105 /* Project object */;
}
